
Microsoft Visual Studio Solution File, Format Version 12.00
# Visual Studio Version 17
VisualStudioVersion = 17.3.32825.248
MinimumVisualStudioVersion = 10.0.40219.1
Project("{9A19103F-16F7-4668-BE54-9A1E7A4F7556}") = "Bakery", "Bakery.csproj", "{F5BEFDA9-3776-4A91-ABB4-01DE7BC6935D}"
EndProject
Project("{9A19103F-16F7-4668-BE54-9A1E7A4F7556}") = "Bakery.DataAccess", "..\Bakery.DataAccess\Bakery.DataAccess.csproj", "{814D6CBD-CECA-49BC-A5AE-6C303A8D63A2}"
EndProject
Project("{9A19103F-16F7-4668-BE54-9A1E7A4F7556}") = "Bakery.Utility", "..\Bakery.Utility\Bakery.Utility.csproj", "{4BFF7150-EEAF-4479-9C89-37FF20C86203}"
EndProject
Project("{9A19103F-16F7-4668-BE54-9A1E7A4F7556}") = "Bakery.Models", "..\Bakery.Models\Bakery.Models.csproj", "{D422DA32-3400-44FE-BFFE-949F5539CB26}"
EndProject
Global
	GlobalSection(SolutionConfigurationPlatforms) = preSolution
		Debug|Any CPU = Debug|Any CPU
		Release|Any CPU = Release|Any CPU
	EndGlobalSection
	GlobalSection(ProjectConfigurationPlatforms) = postSolution
		{F5BEFDA9-3776-4A91-ABB4-01DE7BC6935D}.Debug|Any CPU.ActiveCfg = Debug|Any CPU
		{F5BEFDA9-3776-4A91-ABB4-01DE7BC6935D}.Debug|Any CPU.Build.0 = Debug|Any CPU
		{F5BEFDA9-3776-4A91-ABB4-01DE7BC6935D}.Release|Any CPU.ActiveCfg = Release|Any CPU
		{F5BEFDA9-3776-4A91-ABB4-01DE7BC6935D}.Release|Any CPU.Build.0 = Release|Any CPU
		{814D6CBD-CECA-49BC-A5AE-6C303A8D63A2}.Debug|Any CPU.ActiveCfg = Debug|Any CPU
		{814D6CBD-CECA-49BC-A5AE-6C303A8D63A2}.Debug|Any CPU.Build.0 = Debug|Any CPU
		{814D6CBD-CECA-49BC-A5AE-6C303A8D63A2}.Release|Any CPU.ActiveCfg = Release|Any CPU
		{814D6CBD-CECA-49BC-A5AE-6C303A8D63A2}.Release|Any CPU.Build.0 = Release|Any CPU
		{4BFF7150-EEAF-4479-9C89-37FF20C86203}.Debug|Any CPU.ActiveCfg = Debug|Any CPU
		{4BFF7150-EEAF-4479-9C89-37FF20C86203}.Debug|Any CPU.Build.0 = Debug|Any CPU
		{4BFF7150-EEAF-4479-9C89-37FF20C86203}.Release|Any CPU.ActiveCfg = Release|Any CPU
		{4BFF7150-EEAF-4479-9C89-37FF20C86203}.Release|Any CPU.Build.0 = Release|Any CPU
		{D422DA32-3400-44FE-BFFE-949F5539CB26}.Debug|Any CPU.ActiveCfg = Debug|Any CPU
		{D422DA32-3400-44FE-BFFE-949F5539CB26}.Debug|Any CPU.Build.0 = Debug|Any CPU
		{D422DA32-3400-44FE-BFFE-949F5539CB26}.Release|Any CPU.ActiveCfg = Release|Any CPU
		{D422DA32-3400-44FE-BFFE-949F5539CB26}.Release|Any CPU.Build.0 = Release|Any CPU
	EndGlobalSection
	GlobalSection(SolutionProperties) = preSolution
		HideSolutionNode = FALSE
	EndGlobalSection
	GlobalSection(ExtensibilityGlobals) = postSolution
		SolutionGuid = {86E0C712-2175-4CF4-A779-9CC755CA9126}
	EndGlobalSection
EndGlobal
